
Microsoft Visual Studio Solution File, Format Version 12.00
# Visual Studio Version 17
VisualStudioVersion = 17.0.31903.59
MinimumVisualStudioVersion = 10.0.40219.1
Project("{FAE04EC0-301F-11D3-BF4B-00C04F79EFBC}") = "Chibegir.Domain", "Chibegir.Domain\Chibegir.Domain.csproj", "{2C5200AE-700D-45D3-8B11-A7807CCD6734}"
EndProject
Project("{FAE04EC0-301F-11D3-BF4B-00C04F79EFBC}") = "Chibegir.Application", "Chibegir.Application\Chibegir.Application.csproj", "{DF3FCF29-600E-4E89-A431-5E78DC50A726}"
EndProject
Project("{FAE04EC0-301F-11D3-BF4B-00C04F79EFBC}") = "Chibegir.Infrastructure", "Chibegir.Infrastructure\Chibegir.Infrastructure.csproj", "{257F0EB8-3E75-4DE0-95F8-B5868BF4E3C6}"
EndProject
Project("{FAE04EC0-301F-11D3-BF4B-00C04F79EFBC}") = "Chibegir.API", "Chibegir.API\Chibegir.API.csproj", "{7B4A50DB-C139-4F83-B822-B18D40CD3405}"
EndProject
Global
	GlobalSection(SolutionConfigurationPlatforms) = preSolution
		Debug|Any CPU = Debug|Any CPU
		Debug|x64 = Debug|x64
		Debug|x86 = Debug|x86
		Release|Any CPU = Release|Any CPU
		Release|x64 = Release|x64
		Release|x86 = Release|x86
	EndGlobalSection
	GlobalSection(ProjectConfigurationPlatforms) = postSolution
		{2C5200AE-700D-45D3-8B11-A7807CCD6734}.Debug|Any CPU.ActiveCfg = Debug|Any CPU
		{2C5200AE-700D-45D3-8B11-A7807CCD6734}.Debug|Any CPU.Build.0 = Debug|Any CPU
		{2C5200AE-700D-45D3-8B11-A7807CCD6734}.Debug|x64.ActiveCfg = Debug|Any CPU
		{2C5200AE-700D-45D3-8B11-A7807CCD6734}.Debug|x64.Build.0 = Debug|Any CPU
		{2C5200AE-700D-45D3-8B11-A7807CCD6734}.Debug|x86.ActiveCfg = Debug|Any CPU
		{2C5200AE-700D-45D3-8B11-A7807CCD6734}.Debug|x86.Build.0 = Debug|Any CPU
		{2C5200AE-700D-45D3-8B11-A7807CCD6734}.Release|Any CPU.ActiveCfg = Release|Any CPU
		{2C5200AE-700D-45D3-8B11-A7807CCD6734}.Release|Any CPU.Build.0 = Release|Any CPU
		{2C5200AE-700D-45D3-8B11-A7807CCD6734}.Release|x64.ActiveCfg = Release|Any CPU
		{2C5200AE-700D-45D3-8B11-A7807CCD6734}.Release|x64.Build.0 = Release|Any CPU
		{2C5200AE-700D-45D3-8B11-A7807CCD6734}.Release|x86.ActiveCfg = Release|Any CPU
		{2C5200AE-700D-45D3-8B11-A7807CCD6734}.Release|x86.Build.0 = Release|Any CPU
		{DF3FCF29-600E-4E89-A431-5E78DC50A726}.Debug|Any CPU.ActiveCfg = Debug|Any CPU
		{DF3FCF29-600E-4E89-A431-5E78DC50A726}.Debug|Any CPU.Build.0 = Debug|Any CPU
		{DF3FCF29-600E-4E89-A431-5E78DC50A726}.Debug|x64.ActiveCfg = Debug|Any CPU
		{DF3FCF29-600E-4E89-A431-5E78DC50A726}.Debug|x64.Build.0 = Debug|Any CPU
		{DF3FCF29-600E-4E89-A431-5E78DC50A726}.Debug|x86.ActiveCfg = Debug|Any CPU
		{DF3FCF29-600E-4E89-A431-5E78DC50A726}.Debug|x86.Build.0 = Debug|Any CPU
		{DF3FCF29-600E-4E89-A431-5E78DC50A726}.Release|Any CPU.ActiveCfg = Release|Any CPU
		{DF3FCF29-600E-4E89-A431-5E78DC50A726}.Release|Any CPU.Build.0 = Release|Any CPU
		{DF3FCF29-600E-4E89-A431-5E78DC50A726}.Release|x64.ActiveCfg = Release|Any CPU
		{DF3FCF29-600E-4E89-A431-5E78DC50A726}.Release|x64.Build.0 = Release|Any CPU
		{DF3FCF29-600E-4E89-A431-5E78DC50A726}.Release|x86.ActiveCfg = Release|Any CPU
		{DF3FCF29-600E-4E89-A431-5E78DC50A726}.Release|x86.Build.0 = Release|Any CPU
		{257F0EB8-3E75-4DE0-95F8-B5868BF4E3C6}.Debug|Any CPU.ActiveCfg = Debug|Any CPU
		{257F0EB8-3E75-4DE0-95F8-B5868BF4E3C6}.Debug|Any CPU.Build.0 = Debug|Any CPU
		{257F0EB8-3E75-4DE0-95F8-B5868BF4E3C6}.Debug|x64.ActiveCfg = Debug|Any CPU
		{257F0EB8-3E75-4DE0-95F8-B5868BF4E3C6}.Debug|x64.Build.0 = Debug|Any CPU
		{257F0EB8-3E75-4DE0-95F8-B5868BF4E3C6}.Debug|x86.ActiveCfg = Debug|Any CPU
		{257F0EB8-3E75-4DE0-95F8-B5868BF4E3C6}.Debug|x86.Build.0 = Debug|Any CPU
		{257F0EB8-3E75-4DE0-95F8-B5868BF4E3C6}.Release|Any CPU.ActiveCfg = Release|Any CPU
		{257F0EB8-3E75-4DE0-95F8-B5868BF4E3C6}.Release|Any CPU.Build.0 = Release|Any CPU
		{257F0EB8-3E75-4DE0-95F8-B5868BF4E3C6}.Release|x64.ActiveCfg = Release|Any CPU
		{257F0EB8-3E75-4DE0-95F8-B5868BF4E3C6}.Release|x64.Build.0 = Release|Any CPU
		{257F0EB8-3E75-4DE0-95F8-B5868BF4E3C6}.Release|x86.ActiveCfg = Release|Any CPU
		{257F0EB8-3E75-4DE0-95F8-B5868BF4E3C6}.Release|x86.Build.0 = Release|Any CPU
		{7B4A50DB-C139-4F83-B822-B18D40CD3405}.Debug|Any CPU.ActiveCfg = Debug|Any CPU
		{7B4A50DB-C139-4F83-B822-B18D40CD3405}.Debug|Any CPU.Build.0 = Debug|Any CPU
		{7B4A50DB-C139-4F83-B822-B18D40CD3405}.Debug|x64.ActiveCfg = Debug|Any CPU
		{7B4A50DB-C139-4F83-B822-B18D40CD3405}.Debug|x64.Build.0 = Debug|Any CPU
		{7B4A50DB-C139-4F83-B822-B18D40CD3405}.Debug|x86.ActiveCfg = Debug|Any CPU
		{7B4A50DB-C139-4F83-B822-B18D40CD3405}.Debug|x86.Build.0 = Debug|Any CPU
		{7B4A50DB-C139-4F83-B822-B18D40CD3405}.Release|Any CPU.ActiveCfg = Release|Any CPU
		{7B4A50DB-C139-4F83-B822-B18D40CD3405}.Release|Any CPU.Build.0 = Release|Any CPU
		{7B4A50DB-C139-4F83-B822-B18D40CD3405}.Release|x64.ActiveCfg = Release|Any CPU
		{7B4A50DB-C139-4F83-B822-B18D40CD3405}.Release|x64.Build.0 = Release|Any CPU
		{7B4A50DB-C139-4F83-B822-B18D40CD3405}.Release|x86.ActiveCfg = Release|Any CPU
		{7B4A50DB-C139-4F83-B822-B18D40CD3405}.Release|x86.Build.0 = Release|Any CPU
	EndGlobalSection
	GlobalSection(SolutionProperties) = preSolution
		HideSolutionNode = FALSE
	EndGlobalSection
EndGlobal
